
Microsoft Visual Studio Solution File, Format Version 12.00
# Visual Studio Version 17
VisualStudioVersion = 17.11.35327.3
MinimumVisualStudioVersion = 10.0.40219.1
Project("{FAE04EC0-301F-11D3-BF4B-00C04F79EFBC}") = "Server", "Server\Server.csproj", "{FB6D9751-92BF-4888-95A4-F416C45F332D}"
EndProject
Global
	GlobalSection(SolutionConfigurationPlatforms) = preSolution
		Debug|Any CPU = Debug|Any CPU
		Release|Any CPU = Release|Any CPU
	EndGlobalSection
	GlobalSection(ProjectConfigurationPlatforms) = postSolution
		{FB6D9751-92BF-4888-95A4-F416C45F332D}.Debug|Any CPU.ActiveCfg = Debug|Any CPU
		{FB6D9751-92BF-4888-95A4-F416C45F332D}.Debug|Any CPU.Build.0 = Debug|Any CPU
		{FB6D9751-92BF-4888-95A4-F416C45F332D}.Release|Any CPU.ActiveCfg = Release|Any CPU
		{FB6D9751-92BF-4888-95A4-F416C45F332D}.Release|Any CPU.Build.0 = Release|Any CPU
	EndGlobalSection
	GlobalSection(SolutionProperties) = preSolution
		HideSolutionNode = FALSE
	EndGlobalSection
	GlobalSection(ExtensibilityGlobals) = postSolution
		SolutionGuid = {48F15550-C4BD-4BF8-A2B3-6C88AC7A334A}
	EndGlobalSection
EndGlobal
